
Microsoft Visual Studio Solution File, Format Version 12.00
# Visual Studio 2013
VisualStudioVersion = 12.0.30723.0
MinimumVisualStudioVersion = 10.0.40219.1
Project("{2150E333-8FDC-42A3-9474-1A3956D46DE8}") = "2.Clients", "2.Clients", "{2B75DCA9-28B8-465B-A5F4-6080812F53BB}"
EndProject
Project("{2150E333-8FDC-42A3-9474-1A3956D46DE8}") = "3.Domains", "3.Domains", "{0772F933-F5A3-4F6B-BF9E-07D6DC364449}"
EndProject
Project("{2150E333-8FDC-42A3-9474-1A3956D46DE8}") = "4.Tests", "4.Tests", "{42949E1B-07D0-4B82-AFD8-7B41049E6FCD}"
EndProject
Project("{2150E333-8FDC-42A3-9474-1A3956D46DE8}") = "1.Basics", "1.Basics", "{55B6F49A-BF9A-447D-9BA4-EE4EC842E300}"
EndProject
Project("{2150E333-8FDC-42A3-9474-1A3956D46DE8}") = "Models", "Models", "{41DF9C53-8B58-4D93-A823-652F528C5462}"
EndProject
Project("{2150E333-8FDC-42A3-9474-1A3956D46DE8}") = "Services", "Services", "{9D2D00AF-F05C-4863-840C-0C970F55261F}"
EndProject
Project("{FAE04EC0-301F-11D3-BF4B-00C04F79EFBC}") = "Sof.Core", "Basics\Sof.Core\Sof.Core.csproj", "{94D808A4-86FD-4ECD-AA24-9A65F07AF502}"
EndProject
Project("{FAE04EC0-301F-11D3-BF4B-00C04F79EFBC}") = "Sof.Dew.MvcApp", "Clients\Sof.Dew.MvcApp\Sof.Dew.MvcApp.csproj", "{61B53E23-FBED-4938-97FA-72E207616DF8}"
EndProject
Project("{FAE04EC0-301F-11D3-BF4B-00C04F79EFBC}") = "Sof.Dew.Models", "Domans\Models\Sof.Dew.Models\Sof.Dew.Models.csproj", "{32F89F6B-C893-4A2A-AD96-66DA4B2FEEE2}"
EndProject
Project("{FAE04EC0-301F-11D3-BF4B-00C04F79EFBC}") = "Sof.IdentityService", "Domans\Services\Sof.IdentityService\Sof.IdentityService.csproj", "{7898E541-F746-4144-A6E8-9073DBEAA830}"
EndProject
Project("{FAE04EC0-301F-11D3-BF4B-00C04F79EFBC}") = "Sof.Dew.Services", "Domans\Services\Sof.Dew.Services\Sof.Dew.Services.csproj", "{C44670CE-0D9E-4D5F-825F-2CB244E865E8}"
EndProject
Project("{FAE04EC0-301F-11D3-BF4B-00C04F79EFBC}") = "Sof.MessageService", "Domans\Services\Sof.MessageService\Sof.MessageService.csproj", "{103C1556-D1CC-40FC-ADD0-4937CF9DC1A6}"
EndProject
Project("{FAE04EC0-301F-11D3-BF4B-00C04F79EFBC}") = "Sof.SmsService", "Domans\Services\Sof.SmsService\Sof.SmsService.csproj", "{DCC4B844-7AAF-4BCA-AFC8-FFE5E066B3A5}"
EndProject
Global
	GlobalSection(SolutionConfigurationPlatforms) = preSolution
		Debug|Any CPU = Debug|Any CPU
		Release|Any CPU = Release|Any CPU
	EndGlobalSection
	GlobalSection(ProjectConfigurationPlatforms) = postSolution
		{94D808A4-86FD-4ECD-AA24-9A65F07AF502}.Debug|Any CPU.ActiveCfg = Debug|Any CPU
		{94D808A4-86FD-4ECD-AA24-9A65F07AF502}.Debug|Any CPU.Build.0 = Debug|Any CPU
		{94D808A4-86FD-4ECD-AA24-9A65F07AF502}.Release|Any CPU.ActiveCfg = Release|Any CPU
		{94D808A4-86FD-4ECD-AA24-9A65F07AF502}.Release|Any CPU.Build.0 = Release|Any CPU
		{61B53E23-FBED-4938-97FA-72E207616DF8}.Debug|Any CPU.ActiveCfg = Debug|Any CPU
		{61B53E23-FBED-4938-97FA-72E207616DF8}.Debug|Any CPU.Build.0 = Debug|Any CPU
		{61B53E23-FBED-4938-97FA-72E207616DF8}.Release|Any CPU.ActiveCfg = Release|Any CPU
		{61B53E23-FBED-4938-97FA-72E207616DF8}.Release|Any CPU.Build.0 = Release|Any CPU
		{32F89F6B-C893-4A2A-AD96-66DA4B2FEEE2}.Debug|Any CPU.ActiveCfg = Debug|Any CPU
		{32F89F6B-C893-4A2A-AD96-66DA4B2FEEE2}.Debug|Any CPU.Build.0 = Debug|Any CPU
		{32F89F6B-C893-4A2A-AD96-66DA4B2FEEE2}.Release|Any CPU.ActiveCfg = Release|Any CPU
		{32F89F6B-C893-4A2A-AD96-66DA4B2FEEE2}.Release|Any CPU.Build.0 = Release|Any CPU
		{7898E541-F746-4144-A6E8-9073DBEAA830}.Debug|Any CPU.ActiveCfg = Debug|Any CPU
		{7898E541-F746-4144-A6E8-9073DBEAA830}.Debug|Any CPU.Build.0 = Debug|Any CPU
		{7898E541-F746-4144-A6E8-9073DBEAA830}.Release|Any CPU.ActiveCfg = Release|Any CPU
		{7898E541-F746-4144-A6E8-9073DBEAA830}.Release|Any CPU.Build.0 = Release|Any CPU
		{C44670CE-0D9E-4D5F-825F-2CB244E865E8}.Debug|Any CPU.ActiveCfg = Debug|Any CPU
		{C44670CE-0D9E-4D5F-825F-2CB244E865E8}.Debug|Any CPU.Build.0 = Debug|Any CPU
		{C44670CE-0D9E-4D5F-825F-2CB244E865E8}.Release|Any CPU.ActiveCfg = Release|Any CPU
		{C44670CE-0D9E-4D5F-825F-2CB244E865E8}.Release|Any CPU.Build.0 = Release|Any CPU
		{103C1556-D1CC-40FC-ADD0-4937CF9DC1A6}.Debug|Any CPU.ActiveCfg = Debug|Any CPU
		{103C1556-D1CC-40FC-ADD0-4937CF9DC1A6}.Debug|Any CPU.Build.0 = Debug|Any CPU
		{103C1556-D1CC-40FC-ADD0-4937CF9DC1A6}.Release|Any CPU.ActiveCfg = Release|Any CPU
		{103C1556-D1CC-40FC-ADD0-4937CF9DC1A6}.Release|Any CPU.Build.0 = Release|Any CPU
		{DCC4B844-7AAF-4BCA-AFC8-FFE5E066B3A5}.Debug|Any CPU.ActiveCfg = Debug|Any CPU
		{DCC4B844-7AAF-4BCA-AFC8-FFE5E066B3A5}.Debug|Any CPU.Build.0 = Debug|Any CPU
		{DCC4B844-7AAF-4BCA-AFC8-FFE5E066B3A5}.Release|Any CPU.ActiveCfg = Release|Any CPU
		{DCC4B844-7AAF-4BCA-AFC8-FFE5E066B3A5}.Release|Any CPU.Build.0 = Release|Any CPU
	EndGlobalSection
	GlobalSection(SolutionProperties) = preSolution
		HideSolutionNode = FALSE
	EndGlobalSection
	GlobalSection(NestedProjects) = preSolution
		{41DF9C53-8B58-4D93-A823-652F528C5462} = {0772F933-F5A3-4F6B-BF9E-07D6DC364449}
		{9D2D00AF-F05C-4863-840C-0C970F55261F} = {0772F933-F5A3-4F6B-BF9E-07D6DC364449}
		{94D808A4-86FD-4ECD-AA24-9A65F07AF502} = {55B6F49A-BF9A-447D-9BA4-EE4EC842E300}
		{61B53E23-FBED-4938-97FA-72E207616DF8} = {2B75DCA9-28B8-465B-A5F4-6080812F53BB}
		{32F89F6B-C893-4A2A-AD96-66DA4B2FEEE2} = {41DF9C53-8B58-4D93-A823-652F528C5462}
		{7898E541-F746-4144-A6E8-9073DBEAA830} = {9D2D00AF-F05C-4863-840C-0C970F55261F}
		{C44670CE-0D9E-4D5F-825F-2CB244E865E8} = {9D2D00AF-F05C-4863-840C-0C970F55261F}
		{103C1556-D1CC-40FC-ADD0-4937CF9DC1A6} = {9D2D00AF-F05C-4863-840C-0C970F55261F}
		{DCC4B844-7AAF-4BCA-AFC8-FFE5E066B3A5} = {9D2D00AF-F05C-4863-840C-0C970F55261F}
	EndGlobalSection
EndGlobal
