
Microsoft Visual Studio Solution File, Format Version 12.00
# Visual Studio 2013
VisualStudioVersion = 12.0.30723.0
MinimumVisualStudioVersion = 10.0.40219.1
Project("{2150E333-8FDC-42A3-9474-1A3956D46DE8}") = "Tests", "Tests", "{42949E1B-07D0-4B82-AFD8-7B41049E6FCD}"
EndProject
Project("{FAE04EC0-301F-11D3-BF4B-00C04F79EFBC}") = "Sof.Dew.MvcApp", "Clients\Sof.Dew.MvcApp\Sof.Dew.MvcApp.csproj", "{61B53E23-FBED-4938-97FA-72E207616DF8}"
EndProject
Project("{FAE04EC0-301F-11D3-BF4B-00C04F79EFBC}") = "Sof.Dew.Models", "Domans\Sof.Dew\Sof.Dew.Models\Sof.Dew.Models.csproj", "{32F89F6B-C893-4A2A-AD96-66DA4B2FEEE2}"
EndProject
Project("{FAE04EC0-301F-11D3-BF4B-00C04F79EFBC}") = "Sof.Dew.Services", "Domans\Sof.Dew\Sof.Dew.Services\Sof.Dew.Services.csproj", "{C44670CE-0D9E-4D5F-825F-2CB244E865E8}"
EndProject
Project("{FAE04EC0-301F-11D3-BF4B-00C04F79EFBC}") = "Sof.Dew.DataAccess", "Domans\Sof.Dew\Sof.Dew.DataAccess\Sof.Dew.DataAccess.csproj", "{7061C353-7200-4B89-AD95-80FE7EFE8797}"
EndProject
Project("{2150E333-8FDC-42A3-9474-1A3956D46DE8}") = "Domains", "Domains", "{F31F4A94-73CF-4029-AE96-0267004DC7AF}"
EndProject
Global
	GlobalSection(SolutionConfigurationPlatforms) = preSolution
		Debug|Any CPU = Debug|Any CPU
		Release|Any CPU = Release|Any CPU
	EndGlobalSection
	GlobalSection(ProjectConfigurationPlatforms) = postSolution
		{61B53E23-FBED-4938-97FA-72E207616DF8}.Debug|Any CPU.ActiveCfg = Debug|Any CPU
		{61B53E23-FBED-4938-97FA-72E207616DF8}.Debug|Any CPU.Build.0 = Debug|Any CPU
		{61B53E23-FBED-4938-97FA-72E207616DF8}.Release|Any CPU.ActiveCfg = Release|Any CPU
		{61B53E23-FBED-4938-97FA-72E207616DF8}.Release|Any CPU.Build.0 = Release|Any CPU
		{32F89F6B-C893-4A2A-AD96-66DA4B2FEEE2}.Debug|Any CPU.ActiveCfg = Debug|Any CPU
		{32F89F6B-C893-4A2A-AD96-66DA4B2FEEE2}.Debug|Any CPU.Build.0 = Debug|Any CPU
		{32F89F6B-C893-4A2A-AD96-66DA4B2FEEE2}.Release|Any CPU.ActiveCfg = Release|Any CPU
		{32F89F6B-C893-4A2A-AD96-66DA4B2FEEE2}.Release|Any CPU.Build.0 = Release|Any CPU
		{C44670CE-0D9E-4D5F-825F-2CB244E865E8}.Debug|Any CPU.ActiveCfg = Debug|Any CPU
		{C44670CE-0D9E-4D5F-825F-2CB244E865E8}.Debug|Any CPU.Build.0 = Debug|Any CPU
		{C44670CE-0D9E-4D5F-825F-2CB244E865E8}.Release|Any CPU.ActiveCfg = Release|Any CPU
		{C44670CE-0D9E-4D5F-825F-2CB244E865E8}.Release|Any CPU.Build.0 = Release|Any CPU
		{7061C353-7200-4B89-AD95-80FE7EFE8797}.Debug|Any CPU.ActiveCfg = Debug|Any CPU
		{7061C353-7200-4B89-AD95-80FE7EFE8797}.Debug|Any CPU.Build.0 = Debug|Any CPU
		{7061C353-7200-4B89-AD95-80FE7EFE8797}.Release|Any CPU.ActiveCfg = Release|Any CPU
		{7061C353-7200-4B89-AD95-80FE7EFE8797}.Release|Any CPU.Build.0 = Release|Any CPU
	EndGlobalSection
	GlobalSection(SolutionProperties) = preSolution
		HideSolutionNode = FALSE
	EndGlobalSection
	GlobalSection(NestedProjects) = preSolution
		{32F89F6B-C893-4A2A-AD96-66DA4B2FEEE2} = {F31F4A94-73CF-4029-AE96-0267004DC7AF}
		{C44670CE-0D9E-4D5F-825F-2CB244E865E8} = {F31F4A94-73CF-4029-AE96-0267004DC7AF}
		{7061C353-7200-4B89-AD95-80FE7EFE8797} = {F31F4A94-73CF-4029-AE96-0267004DC7AF}
	EndGlobalSection
EndGlobal
