
Microsoft Visual Studio Solution File, Format Version 12.00
# Visual Studio 2013
VisualStudioVersion = 12.0.30723.0
MinimumVisualStudioVersion = 10.0.40219.1
Project("{2150E333-8FDC-42A3-9474-1A3956D46DE8}") = "2.Clients", "2.Clients", "{2B75DCA9-28B8-465B-A5F4-6080812F53BB}"
EndProject
Project("{2150E333-8FDC-42A3-9474-1A3956D46DE8}") = "3.Domains", "3.Domains", "{0772F933-F5A3-4F6B-BF9E-07D6DC364449}"
EndProject
Project("{2150E333-8FDC-42A3-9474-1A3956D46DE8}") = "4.Tests", "4.Tests", "{42949E1B-07D0-4B82-AFD8-7B41049E6FCD}"
EndProject
Project("{2150E333-8FDC-42A3-9474-1A3956D46DE8}") = "1.Basics", "1.Basics", "{55B6F49A-BF9A-447D-9BA4-EE4EC842E300}"
EndProject
Project("{FAE04EC0-301F-11D3-BF4B-00C04F79EFBC}") = "Sof.Infrastructure", "Basics\Sof.Infrastructure\Sof.Infrastructure.csproj", "{94D808A4-86FD-4ECD-AA24-9A65F07AF502}"
EndProject
Project("{FAE04EC0-301F-11D3-BF4B-00C04F79EFBC}") = "Sof.Dew.MvcApp", "Clients\Sof.Dew.MvcApp\Sof.Dew.MvcApp.csproj", "{61B53E23-FBED-4938-97FA-72E207616DF8}"
EndProject
Project("{FAE04EC0-301F-11D3-BF4B-00C04F79EFBC}") = "Sof.Infrastructure.Test", "Tests\Sof.Infrastructure.Test\Sof.Infrastructure.Test.csproj", "{A284EE4C-111F-4794-84A6-B4EE219B38F3}"
EndProject
Project("{FAE04EC0-301F-11D3-BF4B-00C04F79EFBC}") = "Sof.Web", "Basics\Sof.Web\Sof.Web.csproj", "{F8A5336E-68CD-4A97-B670-AED7C994E312}"
EndProject
Project("{FAE04EC0-301F-11D3-BF4B-00C04F79EFBC}") = "Sof.Data", "Basics\Sof.Data\Sof.Data.csproj", "{1E681262-A21A-4364-9ED9-68F4DA91C9B6}"
EndProject
Project("{2150E333-8FDC-42A3-9474-1A3956D46DE8}") = "Sof.Dew", "Sof.Dew", "{1600615B-BE7B-4598-8C9C-77C96B79CE76}"
EndProject
Project("{2150E333-8FDC-42A3-9474-1A3956D46DE8}") = "Sof.Identity", "Sof.Identity", "{529BF8EA-CEED-44A4-B9FE-CA143FA83476}"
EndProject
Project("{FAE04EC0-301F-11D3-BF4B-00C04F79EFBC}") = "Sof.Dew.Models", "Domans\Sof.Dew\Sof.Dew.Models\Sof.Dew.Models.csproj", "{32F89F6B-C893-4A2A-AD96-66DA4B2FEEE2}"
EndProject
Project("{FAE04EC0-301F-11D3-BF4B-00C04F79EFBC}") = "Sof.Dew.Services", "Domans\Sof.Dew\Sof.Dew.Services\Sof.Dew.Services.csproj", "{C44670CE-0D9E-4D5F-825F-2CB244E865E8}"
EndProject
Project("{FAE04EC0-301F-11D3-BF4B-00C04F79EFBC}") = "Sof.Identity.Services", "Domans\Sof.Identity\Sof.IdentityService\Sof.Identity.Services.csproj", "{7898E541-F746-4144-A6E8-9073DBEAA830}"
EndProject
Project("{FAE04EC0-301F-11D3-BF4B-00C04F79EFBC}") = "Sof.Identity.Models", "Domans\Sof.Identity\Sof.Identity.Models\Sof.Identity.Models.csproj", "{6784255A-A300-4397-8883-A5F67AEA4E4C}"
EndProject
Project("{FAE04EC0-301F-11D3-BF4B-00C04F79EFBC}") = "Sof.Dew.DataAccess", "Domans\Sof.Dew\Sof.Dew.DataAccess\Sof.Dew.DataAccess.csproj", "{7061C353-7200-4B89-AD95-80FE7EFE8797}"
EndProject
Project("{FAE04EC0-301F-11D3-BF4B-00C04F79EFBC}") = "Sof.Identity.DataAccess", "Domans\Sof.Identity\Sof.Identity.DataAccess\Sof.Identity.DataAccess.csproj", "{2EEE39FC-C115-4803-A4EA-B8E02189DF3E}"
EndProject
Project("{FAE04EC0-301F-11D3-BF4B-00C04F79EFBC}") = "Sof.Identity.Core", "Domans\Sof.Identity\Sof.Identity.Core\Sof.Identity.Core.csproj", "{6031AB7E-E1A8-4570-A77C-849EE27BD844}"
EndProject
Project("{FAE04EC0-301F-11D3-BF4B-00C04F79EFBC}") = "Sof.Identity.Test", "Tests\Sof.Identity.Test\Sof.Identity.Test.csproj", "{BC15540A-A709-459D-A5D7-2F81BE732EE0}"
EndProject
Global
	GlobalSection(SolutionConfigurationPlatforms) = preSolution
		Debug|Any CPU = Debug|Any CPU
		Release|Any CPU = Release|Any CPU
	EndGlobalSection
	GlobalSection(ProjectConfigurationPlatforms) = postSolution
		{94D808A4-86FD-4ECD-AA24-9A65F07AF502}.Debug|Any CPU.ActiveCfg = Debug|Any CPU
		{94D808A4-86FD-4ECD-AA24-9A65F07AF502}.Debug|Any CPU.Build.0 = Debug|Any CPU
		{94D808A4-86FD-4ECD-AA24-9A65F07AF502}.Release|Any CPU.ActiveCfg = Release|Any CPU
		{94D808A4-86FD-4ECD-AA24-9A65F07AF502}.Release|Any CPU.Build.0 = Release|Any CPU
		{61B53E23-FBED-4938-97FA-72E207616DF8}.Debug|Any CPU.ActiveCfg = Debug|Any CPU
		{61B53E23-FBED-4938-97FA-72E207616DF8}.Debug|Any CPU.Build.0 = Debug|Any CPU
		{61B53E23-FBED-4938-97FA-72E207616DF8}.Release|Any CPU.ActiveCfg = Release|Any CPU
		{61B53E23-FBED-4938-97FA-72E207616DF8}.Release|Any CPU.Build.0 = Release|Any CPU
		{A284EE4C-111F-4794-84A6-B4EE219B38F3}.Debug|Any CPU.ActiveCfg = Debug|Any CPU
		{A284EE4C-111F-4794-84A6-B4EE219B38F3}.Debug|Any CPU.Build.0 = Debug|Any CPU
		{A284EE4C-111F-4794-84A6-B4EE219B38F3}.Release|Any CPU.ActiveCfg = Release|Any CPU
		{A284EE4C-111F-4794-84A6-B4EE219B38F3}.Release|Any CPU.Build.0 = Release|Any CPU
		{F8A5336E-68CD-4A97-B670-AED7C994E312}.Debug|Any CPU.ActiveCfg = Debug|Any CPU
		{F8A5336E-68CD-4A97-B670-AED7C994E312}.Debug|Any CPU.Build.0 = Debug|Any CPU
		{F8A5336E-68CD-4A97-B670-AED7C994E312}.Release|Any CPU.ActiveCfg = Release|Any CPU
		{F8A5336E-68CD-4A97-B670-AED7C994E312}.Release|Any CPU.Build.0 = Release|Any CPU
		{1E681262-A21A-4364-9ED9-68F4DA91C9B6}.Debug|Any CPU.ActiveCfg = Debug|Any CPU
		{1E681262-A21A-4364-9ED9-68F4DA91C9B6}.Debug|Any CPU.Build.0 = Debug|Any CPU
		{1E681262-A21A-4364-9ED9-68F4DA91C9B6}.Release|Any CPU.ActiveCfg = Release|Any CPU
		{1E681262-A21A-4364-9ED9-68F4DA91C9B6}.Release|Any CPU.Build.0 = Release|Any CPU
		{32F89F6B-C893-4A2A-AD96-66DA4B2FEEE2}.Debug|Any CPU.ActiveCfg = Debug|Any CPU
		{32F89F6B-C893-4A2A-AD96-66DA4B2FEEE2}.Debug|Any CPU.Build.0 = Debug|Any CPU
		{32F89F6B-C893-4A2A-AD96-66DA4B2FEEE2}.Release|Any CPU.ActiveCfg = Release|Any CPU
		{32F89F6B-C893-4A2A-AD96-66DA4B2FEEE2}.Release|Any CPU.Build.0 = Release|Any CPU
		{C44670CE-0D9E-4D5F-825F-2CB244E865E8}.Debug|Any CPU.ActiveCfg = Debug|Any CPU
		{C44670CE-0D9E-4D5F-825F-2CB244E865E8}.Debug|Any CPU.Build.0 = Debug|Any CPU
		{C44670CE-0D9E-4D5F-825F-2CB244E865E8}.Release|Any CPU.ActiveCfg = Release|Any CPU
		{C44670CE-0D9E-4D5F-825F-2CB244E865E8}.Release|Any CPU.Build.0 = Release|Any CPU
		{7898E541-F746-4144-A6E8-9073DBEAA830}.Debug|Any CPU.ActiveCfg = Debug|Any CPU
		{7898E541-F746-4144-A6E8-9073DBEAA830}.Debug|Any CPU.Build.0 = Debug|Any CPU
		{7898E541-F746-4144-A6E8-9073DBEAA830}.Release|Any CPU.ActiveCfg = Release|Any CPU
		{7898E541-F746-4144-A6E8-9073DBEAA830}.Release|Any CPU.Build.0 = Release|Any CPU
		{6784255A-A300-4397-8883-A5F67AEA4E4C}.Debug|Any CPU.ActiveCfg = Debug|Any CPU
		{6784255A-A300-4397-8883-A5F67AEA4E4C}.Debug|Any CPU.Build.0 = Debug|Any CPU
		{6784255A-A300-4397-8883-A5F67AEA4E4C}.Release|Any CPU.ActiveCfg = Release|Any CPU
		{6784255A-A300-4397-8883-A5F67AEA4E4C}.Release|Any CPU.Build.0 = Release|Any CPU
		{7061C353-7200-4B89-AD95-80FE7EFE8797}.Debug|Any CPU.ActiveCfg = Debug|Any CPU
		{7061C353-7200-4B89-AD95-80FE7EFE8797}.Debug|Any CPU.Build.0 = Debug|Any CPU
		{7061C353-7200-4B89-AD95-80FE7EFE8797}.Release|Any CPU.ActiveCfg = Release|Any CPU
		{7061C353-7200-4B89-AD95-80FE7EFE8797}.Release|Any CPU.Build.0 = Release|Any CPU
		{2EEE39FC-C115-4803-A4EA-B8E02189DF3E}.Debug|Any CPU.ActiveCfg = Debug|Any CPU
		{2EEE39FC-C115-4803-A4EA-B8E02189DF3E}.Debug|Any CPU.Build.0 = Debug|Any CPU
		{2EEE39FC-C115-4803-A4EA-B8E02189DF3E}.Release|Any CPU.ActiveCfg = Release|Any CPU
		{2EEE39FC-C115-4803-A4EA-B8E02189DF3E}.Release|Any CPU.Build.0 = Release|Any CPU
		{6031AB7E-E1A8-4570-A77C-849EE27BD844}.Debug|Any CPU.ActiveCfg = Debug|Any CPU
		{6031AB7E-E1A8-4570-A77C-849EE27BD844}.Debug|Any CPU.Build.0 = Debug|Any CPU
		{6031AB7E-E1A8-4570-A77C-849EE27BD844}.Release|Any CPU.ActiveCfg = Release|Any CPU
		{6031AB7E-E1A8-4570-A77C-849EE27BD844}.Release|Any CPU.Build.0 = Release|Any CPU
		{BC15540A-A709-459D-A5D7-2F81BE732EE0}.Debug|Any CPU.ActiveCfg = Debug|Any CPU
		{BC15540A-A709-459D-A5D7-2F81BE732EE0}.Debug|Any CPU.Build.0 = Debug|Any CPU
		{BC15540A-A709-459D-A5D7-2F81BE732EE0}.Release|Any CPU.ActiveCfg = Release|Any CPU
		{BC15540A-A709-459D-A5D7-2F81BE732EE0}.Release|Any CPU.Build.0 = Release|Any CPU
	EndGlobalSection
	GlobalSection(SolutionProperties) = preSolution
		HideSolutionNode = FALSE
	EndGlobalSection
	GlobalSection(NestedProjects) = preSolution
		{94D808A4-86FD-4ECD-AA24-9A65F07AF502} = {55B6F49A-BF9A-447D-9BA4-EE4EC842E300}
		{61B53E23-FBED-4938-97FA-72E207616DF8} = {2B75DCA9-28B8-465B-A5F4-6080812F53BB}
		{A284EE4C-111F-4794-84A6-B4EE219B38F3} = {42949E1B-07D0-4B82-AFD8-7B41049E6FCD}
		{F8A5336E-68CD-4A97-B670-AED7C994E312} = {55B6F49A-BF9A-447D-9BA4-EE4EC842E300}
		{1E681262-A21A-4364-9ED9-68F4DA91C9B6} = {55B6F49A-BF9A-447D-9BA4-EE4EC842E300}
		{1600615B-BE7B-4598-8C9C-77C96B79CE76} = {0772F933-F5A3-4F6B-BF9E-07D6DC364449}
		{529BF8EA-CEED-44A4-B9FE-CA143FA83476} = {0772F933-F5A3-4F6B-BF9E-07D6DC364449}
		{32F89F6B-C893-4A2A-AD96-66DA4B2FEEE2} = {1600615B-BE7B-4598-8C9C-77C96B79CE76}
		{C44670CE-0D9E-4D5F-825F-2CB244E865E8} = {1600615B-BE7B-4598-8C9C-77C96B79CE76}
		{7898E541-F746-4144-A6E8-9073DBEAA830} = {529BF8EA-CEED-44A4-B9FE-CA143FA83476}
		{6784255A-A300-4397-8883-A5F67AEA4E4C} = {529BF8EA-CEED-44A4-B9FE-CA143FA83476}
		{7061C353-7200-4B89-AD95-80FE7EFE8797} = {1600615B-BE7B-4598-8C9C-77C96B79CE76}
		{2EEE39FC-C115-4803-A4EA-B8E02189DF3E} = {529BF8EA-CEED-44A4-B9FE-CA143FA83476}
		{6031AB7E-E1A8-4570-A77C-849EE27BD844} = {529BF8EA-CEED-44A4-B9FE-CA143FA83476}
		{BC15540A-A709-459D-A5D7-2F81BE732EE0} = {42949E1B-07D0-4B82-AFD8-7B41049E6FCD}
	EndGlobalSection
EndGlobal
